<?xml version="1.0" encoding="utf-8"?>
<Project ToolsVersion="4.0" xmlns="http://schemas.microsoft.com/developer/msbuild/2003">
  <ItemGroup>
    <Filter Include="Header Files">
      <UniqueIdentifier>{93995380-89BD-4b04-88EB-625FBE52EBFB}</UniqueIdentifier>
      <Extensions>h;hpp;hxx;hm;inl;inc;xsd</Extensions>
    </Filter>
    <Filter Include="Resource Files">
      <UniqueIdentifier>{67DA6AB6-F800-4c08-8B7A-83BB121AAD01}</UniqueIdentifier>
      <Extensions>rc;ico;cur;bmp;dlg;rc2;rct;bin;rgs;gif;jpg;jpeg;jpe;resx;tiff;tif;png;wav;mfcribbon-ms</Extensions>
    </Filter>
    <Filter Include="GUIBeta">
      <UniqueIdentifier>{93ff0ca3-12ce-4955-a747-5bbef9ae99f7}</UniqueIdentifier>
    </Filter>
    <Filter Include="Source Files">
      <UniqueIdentifier>{4FC737F1-C7A5-4376-A066-2A32D752A2FF}</UniqueIdentifier>
      <Extensions>cpp;c;cc;cxx;def;odl;idl;hpj;bat;asm;asmx</Extensions>
    </Filter>
  </ItemGroup>
  <ItemGroup>
    <ClCompile Include="camera.cpp">
      <Filter>Source Files</Filter>
    </ClCompile>
    <ClCompile Include="cCVARS.cpp">
      <Filter>Source Files</Filter>
    </ClCompile>
    <ClCompile Include="cInterpreter.cpp">
      <Filter>Source Files</Filter>
    </ClCompile>
    <ClCompile Include="cTexHandler.cpp">
      <Filter>Source Files</Filter>
    </ClCompile>
    <ClCompile Include="cImageHandler.cpp">
      <Filter>Source Files</Filter>
    </ClCompile>
    <ClCompile Include="LegEngine.cpp">
      <Filter>Source Files</Filter>
    </ClCompile>
    <ClCompile Include="cTerrainHandler.cpp">
      <Filter>Source Files</Filter>
    </ClCompile>
    <ClCompile Include="LegFrameworkClass.cpp">
      <Filter>Source Files</Filter>
    </ClCompile>
    <ClCompile Include="LegVector.cpp">
      <Filter>Source Files</Filter>
    </ClCompile>
    <ClCompile Include="ending.cpp">
      <Filter>Source Files</Filter>
    </ClCompile>
    <ClCompile Include="OpenALSound.cpp">
      <Filter>Source Files</Filter>
    </ClCompile>
    <ClCompile Include="legPlayerEnt.cpp">
      <Filter>Source Files</Filter>
    </ClCompile>
    <ClCompile Include="ARB_Multisample.cpp">
      <Filter>Source Files</Filter>
    </ClCompile>
  </ItemGroup>
  <ItemGroup>
    <ClInclude Include="LegEngine.h">
      <Filter>Header Files</Filter>
    </ClInclude>
    <ClInclude Include="camera.h">
      <Filter>Header Files</Filter>
    </ClInclude>
    <ClInclude Include="cCVARS.h">
      <Filter>Header Files</Filter>
    </ClInclude>
    <ClInclude Include="cInterpreter.h">
      <Filter>Header Files</Filter>
    </ClInclude>
    <ClInclude Include="cTexHandler.h">
      <Filter>Header Files</Filter>
    </ClInclude>
    <ClInclude Include="cImageHandler.h">
      <Filter>Header Files</Filter>
    </ClInclude>
    <ClInclude Include="cTerrainHandler.h">
      <Filter>Header Files</Filter>
    </ClInclude>
    <ClInclude Include="LegFrameworkClass.h">
      <Filter>Header Files</Filter>
    </ClInclude>
    <ClInclude Include="GLEXT.h">
      <Filter>Header Files</Filter>
    </ClInclude>
    <ClInclude Include="ending.h">
      <Filter>Header Files</Filter>
    </ClInclude>
    <ClInclude Include="AVIPlayer.h">
      <Filter>Header Files</Filter>
    </ClInclude>
    <ClInclude Include="LegVector.h">
      <Filter>Header Files</Filter>
    </ClInclude>
    <ClInclude Include="LegGuiClass.h">
      <Filter>GUIBeta</Filter>
    </ClInclude>
    <ClInclude Include="OpenALSound.h">
      <Filter>Header Files</Filter>
    </ClInclude>
    <ClInclude Include="LegShaders.h">
      <Filter>Header Files</Filter>
    </ClInclude>
    <ClInclude Include="legPlayerEnt.h">
      <Filter>Header Files</Filter>
    </ClInclude>
    <ClInclude Include="ARB_Multisample.h">
      <Filter>Header Files</Filter>
    </ClInclude>
    <ClInclude Include="Screenshots.h">
      <Filter>GUIBeta</Filter>
    </ClInclude>
  </ItemGroup>
</Project>